
Microsoft Visual Studio Solution File, Format Version 12.00
# Visual Studio Version 17
VisualStudioVersion = 17.0.31903.59
MinimumVisualStudioVersion = 10.0.40219.1
Project("{FAE04EC0-301F-11D3-BF4B-00C04F79EFBC}") = "DESIRION_ENGINE", "DESIRION_ENGINE\DESIRION_ENGINE.csproj", "{DA84AF21-056B-45FB-90AF-66324044DAC2}"
EndProject
Project("{FAE04EC0-301F-11D3-BF4B-00C04F79EFBC}") = "CrashReporter", "..\CrashReporter\CrashReporter\CrashReporter.csproj", "{154DCC59-9D4C-4F8E-99F4-4BD8D4EEA8B0}"
EndProject
Project("{FAE04EC0-301F-11D3-BF4B-00C04F79EFBC}") = "LauncherSettings", "LauncherSettings\LauncherSettings.csproj", "{6A1261D1-3EA0-4F73-A4FD-4CE988BE65BC}"
EndProject
Global
	GlobalSection(SolutionConfigurationPlatforms) = preSolution
		Debug|Any CPU = Debug|Any CPU
		Release|Any CPU = Release|Any CPU
	EndGlobalSection
	GlobalSection(ProjectConfigurationPlatforms) = postSolution
		{DA84AF21-056B-45FB-90AF-66324044DAC2}.Debug|Any CPU.ActiveCfg = Debug|Any CPU
		{DA84AF21-056B-45FB-90AF-66324044DAC2}.Debug|Any CPU.Build.0 = Debug|Any CPU
		{DA84AF21-056B-45FB-90AF-66324044DAC2}.Release|Any CPU.ActiveCfg = Release|Any CPU
		{DA84AF21-056B-45FB-90AF-66324044DAC2}.Release|Any CPU.Build.0 = Release|Any CPU
		{154DCC59-9D4C-4F8E-99F4-4BD8D4EEA8B0}.Debug|Any CPU.ActiveCfg = Debug|Any CPU
		{154DCC59-9D4C-4F8E-99F4-4BD8D4EEA8B0}.Debug|Any CPU.Build.0 = Debug|Any CPU
		{154DCC59-9D4C-4F8E-99F4-4BD8D4EEA8B0}.Release|Any CPU.ActiveCfg = Release|Any CPU
		{154DCC59-9D4C-4F8E-99F4-4BD8D4EEA8B0}.Release|Any CPU.Build.0 = Release|Any CPU
		{6A1261D1-3EA0-4F73-A4FD-4CE988BE65BC}.Debug|Any CPU.ActiveCfg = Debug|Any CPU
		{6A1261D1-3EA0-4F73-A4FD-4CE988BE65BC}.Debug|Any CPU.Build.0 = Debug|Any CPU
		{6A1261D1-3EA0-4F73-A4FD-4CE988BE65BC}.Release|Any CPU.ActiveCfg = Release|Any CPU
		{6A1261D1-3EA0-4F73-A4FD-4CE988BE65BC}.Release|Any CPU.Build.0 = Release|Any CPU
	EndGlobalSection
	GlobalSection(SolutionProperties) = preSolution
		HideSolutionNode = FALSE
	EndGlobalSection
EndGlobal
